Microsoft Visual Studio Solution File, Format Version 12.00
# Visual Studio Version 16
VisualStudioVersion = 16.0.31005.135
MinimumVisualStudioVersion = 10.0.40219.1
Project("{6CE2D480-4C89-42CB-A5BB-7B2BCA57D0CE}") = "EmployeeManagement", "EmployeeManagement\EmployeeManagement.dmproj", "{DD96539C-DADD-4847-A274-F2623686E1BD}"
EndProject

Global
	GlobalSection(SolutionProperties) = preSolution
		HideSolutionNode = FALSE
	EndGlobalSection

	GlobalSection(ExtensibilityGlobals) = postSolution
		SolutionGuid = {04EEE33E-9C7A-46E4-9BDE-B08F3A048B78}
	EndGlobalSection

	GlobalSection(SolutionConfigurationPlatforms) = preSolution
		Debug|Any CPU = Debug|Any CPU
		Release|Any CPU = Release|Any CPU
	EndGlobalSection

	GlobalSection(ProjectConfigurationPlatforms) = postSolution
		{515E91D4-3E3E-4344-987E-42844B077980}.Release|Any CPU.Build.0 = Release|Any CPU
	EndGlobalSection

	GlobalSection(NestedProjects) = preSolution
		{515E91D4-3E3E-4344-987E-42844B077980} = {47955174-65E8-48E2-B874-C028925D2655}
		{806E4C66-8285-4657-A2C8-E576C59CC44B} = {47955174-65E8-48E2-B874-C028925D2655}
		{8D62C631-9490-4B3F-8365-3D079C118991} = {47955174-65E8-48E2-B874-C028925D2655}
		{6DC23653-6A87-4DE6-A1B3-6266A54C31AF} = {47955174-65E8-48E2-B874-C028925D2655}
		{F9DD37E2-7C13-4EC7-892C-386121191C61} = {47955174-65E8-48E2-B874-C028925D2655}
		{1F26E844-C457-4BE8-9613-747AE65B27D3} = {47955174-65E8-48E2-B874-C028925D2655}
		{A9419DFA-6B4C-431F-926B-34F552E2FC95} = {47955174-65E8-48E2-B874-C028925D2655}
	EndGlobalSection

EndGlobal
